
Microsoft Visual Studio Solution File, Format Version 12.00
# Visual Studio 15
VisualStudioVersion = 15.0.28307.489
MinimumVisualStudioVersion = 10.0.40219.1
Project("{FAE04EC0-301F-11D3-BF4B-00C04F79EFBC}") = "DataTransferService", "DataTransferService\DataTransferService.csproj", "{AEE3B2BF-115D-4EE8-8ECF-E0856709A795}"
EndProject
Project("{FAE04EC0-301F-11D3-BF4B-00C04F79EFBC}") = "DataTransferService_Console", "DataTransferService_Console\DataTransferService_Console.csproj", "{93425B62-51D3-4E02-A2BD-73998296F555}"
	ProjectSection(ProjectDependencies) = postProject
		{AEE3B2BF-115D-4EE8-8ECF-E0856709A795} = {AEE3B2BF-115D-4EE8-8ECF-E0856709A795}
	EndProjectSection
EndProject
Global
	GlobalSection(SolutionConfigurationPlatforms) = preSolution
		Debug|Any CPU = Debug|Any CPU
		Release|Any CPU = Release|Any CPU
	EndGlobalSection
	GlobalSection(ProjectConfigurationPlatforms) = postSolution
		{AEE3B2BF-115D-4EE8-8ECF-E0856709A795}.Debug|Any CPU.ActiveCfg = Debug|Any CPU
		{AEE3B2BF-115D-4EE8-8ECF-E0856709A795}.Debug|Any CPU.Build.0 = Debug|Any CPU
		{AEE3B2BF-115D-4EE8-8ECF-E0856709A795}.Release|Any CPU.ActiveCfg = Release|Any CPU
		{AEE3B2BF-115D-4EE8-8ECF-E0856709A795}.Release|Any CPU.Build.0 = Release|Any CPU
		{93425B62-51D3-4E02-A2BD-73998296F555}.Debug|Any CPU.ActiveCfg = Debug|Any CPU
		{93425B62-51D3-4E02-A2BD-73998296F555}.Debug|Any CPU.Build.0 = Debug|Any CPU
		{93425B62-51D3-4E02-A2BD-73998296F555}.Release|Any CPU.ActiveCfg = Release|Any CPU
		{93425B62-51D3-4E02-A2BD-73998296F555}.Release|Any CPU.Build.0 = Release|Any CPU
	EndGlobalSection
	GlobalSection(SolutionProperties) = preSolution
		HideSolutionNode = FALSE
	EndGlobalSection
	GlobalSection(ExtensibilityGlobals) = postSolution
		SolutionGuid = {DA581C26-F148-4B50-9238-F1ADF2F22D12}
	EndGlobalSection
EndGlobal
